github.com/barnex/cuda5 v0.0.0-20171012184954-da30a9b287d8 h1:lnbKU7kkMoF75PDPYaj0DLoD0p6lWtzeyXSR94PrQto=
github.com/barnex/cuda5 v0.0.0-20171012184954-da30a9b287d8/go.mod h1:GnBnFz4V/+kxwKFnquvOOi+IjZoVJsIUbcAVOXLCxCo=
golang.org/x/sys v0.0.0-20200909081042-eff7692f9009 h1:W0lCpv29Hv0UaM1LXb9QlBHLNP8UFfcKjblhVCWftOM=
golang.org/x/sys v0.0.0-20200909081042-eff7692f9009/go.mod h1:h1NjWce9XRLGQEsW7wpKNCjG9DtNlClVuFLEZdDNbEs=
